
Microsoft Visual Studio Solution File, Format Version 12.00
# Visual Studio Version 16
VisualStudioVersion = 16.0.30907.101
MinimumVisualStudioVersion = 10.0.40219.1
Project("{FAE04EC0-301F-11D3-BF4B-00C04F79EFBC}") = "StringDateTimeMath8523", "StringDateTimeMath8523\StringDateTimeMath8523.csproj", "{A57044B2-1253-41F0-98D9-5F1944B03ACB}"
EndProject
Project("{FAE04EC0-301F-11D3-BF4B-00C04F79EFBC}") = "IlkHarfBuyukDigerleriKucukDemo", "IlkHarfBuyukDigerleriKucukDemo\IlkHarfBuyukDigerleriKucukDemo.csproj", "{B2C10935-F123-4EC4-8824-8F84C9745127}"
EndProject
Global
	GlobalSection(SolutionConfigurationPlatforms) = preSolution
		Debug|Any CPU = Debug|Any CPU
		Release|Any CPU = Release|Any CPU
	EndGlobalSection
	GlobalSection(ProjectConfigurationPlatforms) = postSolution
		{A57044B2-1253-41F0-98D9-5F1944B03ACB}.Debug|Any CPU.ActiveCfg = Debug|Any CPU
		{A57044B2-1253-41F0-98D9-5F1944B03ACB}.Debug|Any CPU.Build.0 = Debug|Any CPU
		{A57044B2-1253-41F0-98D9-5F1944B03ACB}.Release|Any CPU.ActiveCfg = Release|Any CPU
		{A57044B2-1253-41F0-98D9-5F1944B03ACB}.Release|Any CPU.Build.0 = Release|Any CPU
		{B2C10935-F123-4EC4-8824-8F84C9745127}.Debug|Any CPU.ActiveCfg = Debug|Any CPU
		{B2C10935-F123-4EC4-8824-8F84C9745127}.Debug|Any CPU.Build.0 = Debug|Any CPU
		{B2C10935-F123-4EC4-8824-8F84C9745127}.Release|Any CPU.ActiveCfg = Release|Any CPU
		{B2C10935-F123-4EC4-8824-8F84C9745127}.Release|Any CPU.Build.0 = Release|Any CPU
	EndGlobalSection
	GlobalSection(SolutionProperties) = preSolution
		HideSolutionNode = FALSE
	EndGlobalSection
	GlobalSection(ExtensibilityGlobals) = postSolution
		SolutionGuid = {7CB68A7E-1F26-4E78-8B59-E08C7ECFF267}
	EndGlobalSection
EndGlobal
